// !$*UTF8*$!
{
	archiveVersion = 1;
	classes = {
	};
	objectVersion = 46;
	objects = {

/* Begin PBXBuildFile section */
		590EEFD814ACEFCB00E86B6A /* Model.xcdatamodeld in Sources */ = {isa = PBXBuildFile; fileRef = 590EEFD614ACEFCB00E86B6A /* Model.xcdatamodeld */; };
		594EBB3614AED81500903D17 /* DetailViewController.m in Sources */ = {isa = PBXBuildFile; fileRef = 594EBB3414AED81500903D17 /* DetailViewController.m */; };
		594EBB3714AED81500903D17 /* DetailViewController.xib in Resources */ = {isa = PBXBuildFile; fileRef = 594EBB3514AED81500903D17 /* DetailViewController.xib */; };
		597984F314ACF1710074B759 /* CoreData.framework in Frameworks */ = {isa = PBXBuildFile; fileRef = 597984F214ACF1710074B759 /* CoreData.framework */; };
		597984F914ACFA4D0074B759 /* Friends.m in Sources */ = {isa = PBXBuildFile; fileRef = 597984F814ACFA4D0074B759 /* Friends.m */; };
		59FC6BBD14ACD8AF007B11E1 /* UIKit.framework in Frameworks */ = {isa = PBXBuildFile; fileRef = 59FC6BBC14ACD8AF007B11E1 /* UIKit.framework */; };
		59FC6BBF14ACD8AF007B11E1 /* Foundation.framework in Frameworks */ = {isa = PBXBuildFile; fileRef = 59FC6BBE14ACD8AF007B11E1 /* Foundation.framework */; };
		59FC6BC114ACD8AF007B11E1 /* CoreGraphics.framework in Frameworks */ = {isa = PBXBuildFile; fileRef = 59FC6BC014ACD8AF007B11E1 /* CoreGraphics.framework */; };
		59FC6BC714ACD8AF007B11E1 /* InfoPlist.strings in Resources */ = {isa = PBXBuildFile; fileRef = 59FC6BC514ACD8AF007B11E1 /* InfoPlist.strings */; };
		59FC6BC914ACD8AF007B11E1 /* main.m in Sources */ = {isa = PBXBuildFile; fileRef = 59FC6BC814ACD8AF007B11E1 /* main.m */; };
		59FC6BCD14ACD8AF007B11E1 /* AppDelegate.m in Sources */ = {isa = PBXBuildFile; fileRef = 59FC6BCC14ACD8AF007B11E1 /* AppDelegate.m */; };
		59FC6BD014ACD8AF007B11E1 /* FBListViewController.m in Sources */ = {isa = PBXBuildFile; fileRef = 59FC6BCF14ACD8AF007B11E1 /* FBListViewController.m */; };
		59FC6BD314ACD8AF007B11E1 /* ViewController.xib in Resources */ = {isa = PBXBuildFile; fileRef = 59FC6BD114ACD8AF007B11E1 /* ViewController.xib */; };
		59FC6BDB14ACD8AF007B11E1 /* SenTestingKit.framework in Frameworks */ = {isa = PBXBuildFile; fileRef = 59FC6BDA14ACD8AF007B11E1 /* SenTestingKit.framework */; };
		59FC6BDC14ACD8AF007B11E1 /* UIKit.framework in Frameworks */ = {isa = PBXBuildFile; fileRef = 59FC6BBC14ACD8AF007B11E1 /* UIKit.framework */; };
		59FC6BDD14ACD8AF007B11E1 /* Foundation.framework in Frameworks */ = {isa = PBXBuildFile; fileRef = 59FC6BBE14ACD8AF007B11E1 /* Foundation.framework */; };
		59FC6BE514ACD8AF007B11E1 /* InfoPlist.strings in Resources */ = {isa = PBXBuildFile; fileRef = 59FC6BE314ACD8AF007B11E1 /* InfoPlist.strings */; };
		59FC6BE814ACD8AF007B11E1 /* CactusTests.m in Sources */ = {isa = PBXBuildFile; fileRef = 59FC6BE714ACD8AF007B11E1 /* CactusTests.m */; };
		59FC6C0B14ACD922007B11E1 /* Facebook.m in Sources */ = {isa = PBXBuildFile; fileRef = 59FC6BF314ACD922007B11E1 /* Facebook.m */; };
		59FC6C0C14ACD922007B11E1 /* FBDialog.bundle in Resources */ = {isa = PBXBuildFile; fileRef = 59FC6BF614ACD922007B11E1 /* FBDialog.bundle */; };
		59FC6C0D14ACD922007B11E1 /* FBDialog.m in Sources */ = {isa = PBXBuildFile; fileRef = 59FC6BF814ACD922007B11E1 /* FBDialog.m */; };
		59FC6C0E14ACD922007B11E1 /* FBLoginDialog.m in Sources */ = {isa = PBXBuildFile; fileRef = 59FC6BFA14ACD922007B11E1 /* FBLoginDialog.m */; };
		59FC6C0F14ACD922007B11E1 /* FBRequest.m in Sources */ = {isa = PBXBuildFile; fileRef = 59FC6BFC14ACD922007B11E1 /* FBRequest.m */; };
		59FC6C1014ACD922007B11E1 /* NSObject+SBJSON.m in Sources */ = {isa = PBXBuildFile; fileRef = 59FC6C0014ACD922007B11E1 /* NSObject+SBJSON.m */; };
		59FC6C1114ACD922007B11E1 /* NSString+SBJSON.m in Sources */ = {isa = PBXBuildFile; fileRef = 59FC6C0214ACD922007B11E1 /* NSString+SBJSON.m */; };
		59FC6C1214ACD922007B11E1 /* SBJSON.m in Sources */ = {isa = PBXBuildFile; fileRef = 59FC6C0414ACD922007B11E1 /* SBJSON.m */; };
		59FC6C1314ACD922007B11E1 /* SBJsonBase.m in Sources */ = {isa = PBXBuildFile; fileRef = 59FC6C0614ACD922007B11E1 /* SBJsonBase.m */; };
		59FC6C1414ACD922007B11E1 /* SBJsonParser.m in Sources */ = {isa = PBXBuildFile; fileRef = 59FC6C0814ACD922007B11E1 /* SBJsonParser.m */; };
		59FC6C1514ACD922007B11E1 /* SBJsonWriter.m in Sources */ = {isa = PBXBuildFile; fileRef = 59FC6C0A14ACD922007B11E1 /* SBJsonWriter.m */; };
		59FC6C1A14ACD99A007B11E1 /* FBRequestWrapper.m in Sources */ = {isa = PBXBuildFile; fileRef = 59FC6C1914ACD999007B11E1 /* FBRequestWrapper.m */; };
/* End PBXBuildFile section */

/* Begin PBXContainerItemProxy section */
		59FC6BDE14ACD8AF007B11E1 /* PBXContainerItemProxy */ = {
			isa = PBXContainerItemProxy;
			containerPortal = 59FC6BAF14ACD8AE007B11E1 /* Project object */;
			proxyType = 1;
			remoteGlobalIDString = 59FC6BB714ACD8AF007B11E1;
			remoteInfo = Cactus;
		};
/* End PBXContainerItemProxy section */

/* Begin PBXFileReference section */
		590EEFD714ACEFCB00E86B6A /* Model.xcdatamodel */ = {isa = PBXFileReference; lastKnownFileType = wrapper.xcdatamodel; path = Model.xcdatamodel; sourceTree = "<group>"; };
		594EBB3314AED81500903D17 /* DetailViewController.h */ = {isa = PBXFileReference; fileEncoding = 4; lastKnownFileType = sourcecode.c.h; path = DetailViewController.h; sourceTree = "<group>"; };
		594EBB3414AED81500903D17 /* DetailViewController.m */ = {isa = PBXFileReference; fileEncoding = 4; lastKnownFileType = sourcecode.c.objc; path = DetailViewController.m; sourceTree = "<group>"; };
		594EBB3514AED81500903D17 /* DetailViewController.xib */ = {isa = PBXFileReference; fileEncoding = 4; lastKnownFileType = file.xib; path = DetailViewController.xib; sourceTree = "<group>"; };
		597984F214ACF1710074B759 /* CoreData.framework */ = {isa = PBXFileReference; lastKnownFileType = wrapper.framework; name = CoreData.framework; path = System/Library/Frameworks/CoreData.framework; sourceTree = SDKROOT; };
		597984F714ACFA4D0074B759 /* Friends.h */ = {isa = PBXFileReference; fileEncoding = 4; lastKnownFileType = sourcecode.c.h; path = Friends.h; sourceTree = "<group>"; };
		597984F814ACFA4D0074B759 /* Friends.m */ = {isa = PBXFileReference; fileEncoding = 4; lastKnownFileType = sourcecode.c.objc; path = Friends.m; sourceTree = "<group>"; };
		59FC6BB814ACD8AF007B11E1 /* Cactus.app */ = {isa = PBXFileReference; explicitFileType = wrapper.application; includeInIndex = 0; path = Cactus.app; sourceTree = BUILT_PRODUCTS_DIR; };
		59FC6BBC14ACD8AF007B11E1 /* UIKit.framework */ = {isa = PBXFileReference; lastKnownFileType = wrapper.framework; name = UIKit.framework; path = System/Library/Frameworks/UIKit.framework; sourceTree = SDKROOT; };
		59FC6BBE14ACD8AF007B11E1 /* Foundation.framework */ = {isa = PBXFileReference; lastKnownFileType = wrapper.framework; name = Foundation.framework; path = System/Library/Frameworks/Foundation.framework; sourceTree = SDKROOT; };
		59FC6BC014ACD8AF007B11E1 /* CoreGraphics.framework */ = {isa = PBXFileReference; lastKnownFileType = wrapper.framework; name = CoreGraphics.framework; path = System/Library/Frameworks/CoreGraphics.framework; sourceTree = SDKROOT; };
		59FC6BC414ACD8AF007B11E1 /* Cactus-Info.plist */ = {isa = PBXFileReference; lastKnownFileType = text.plist.xml; path = "Cactus-Info.plist"; sourceTree = "<group>"; };
		59FC6BC614ACD8AF007B11E1 /* en */ = {isa = PBXFileReference; lastKnownFileType = text.plist.strings; name = en; path = en.lproj/InfoPlist.strings; sourceTree = "<group>"; };
		59FC6BC814ACD8AF007B11E1 /* main.m */ = {isa = PBXFileReference; lastKnownFileType = sourcecode.c.objc; path = main.m; sourceTree = "<group>"; };
		59FC6BCA14ACD8AF007B11E1 /* Cactus-Prefix.pch */ = {isa = PBXFileReference; lastKnownFileType = sourcecode.c.h; path = "Cactus-Prefix.pch"; sourceTree = "<group>"; };
		59FC6BCB14ACD8AF007B11E1 /* AppDelegate.h */ = {isa = PBXFileReference; lastKnownFileType = sourcecode.c.h; path = AppDelegate.h; sourceTree = "<group>"; };
		59FC6BCC14ACD8AF007B11E1 /* AppDelegate.m */ = {isa = PBXFileReference; lastKnownFileType = sourcecode.c.objc; path = AppDelegate.m; sourceTree = "<group>"; };
		59FC6BCE14ACD8AF007B11E1 /* FBListViewController.h */ = {isa = PBXFileReference; path = FBListViewController.h; sourceTree = "<group>"; };
		59FC6BCF14ACD8AF007B11E1 /* FBListViewController.m */ = {isa = PBXFileReference; lastKnownFileType = sourcecode.c.objc; path = FBListViewController.m; sourceTree = "<group>"; };
		59FC6BD214ACD8AF007B11E1 /* en */ = {isa = PBXFileReference; lastKnownFileType = file.xib; name = en; path = en.lproj/ViewController.xib; sourceTree = "<group>"; };
		59FC6BD914ACD8AF007B11E1 /* CactusTests.octest */ = {isa = PBXFileReference; explicitFileType = wrapper.cfbundle; includeInIndex = 0; path = CactusTests.octest; sourceTree = BUILT_PRODUCTS_DIR; };
		59FC6BDA14ACD8AF007B11E1 /* SenTestingKit.framework */ = {isa = PBXFileReference; lastKnownFileType = wrapper.framework; name = SenTestingKit.framework; path = Library/Frameworks/SenTestingKit.framework; sourceTree = DEVELOPER_DIR; };
		59FC6BE214ACD8AF007B11E1 /* CactusTests-Info.plist */ = {isa = PBXFileReference; lastKnownFileType = text.plist.xml; path = "CactusTests-Info.plist"; sourceTree = "<group>"; };
		59FC6BE414ACD8AF007B11E1 /* en */ = {isa = PBXFileReference; lastKnownFileType = text.plist.strings; name = en; path = en.lproj/InfoPlist.strings; sourceTree = "<group>"; };
		59FC6BE614ACD8AF007B11E1 /* CactusTests.h */ = {isa = PBXFileReference; lastKnownFileType = sourcecode.c.h; path = CactusTests.h; sourceTree = "<group>"; };
		59FC6BE714ACD8AF007B11E1 /* CactusTests.m */ = {isa = PBXFileReference; lastKnownFileType = sourcecode.c.objc; path = CactusTests.m; sourceTree = "<group>"; };
		59FC6BF214ACD922007B11E1 /* Facebook.h */ = {isa = PBXFileReference; fileEncoding = 4; lastKnownFileType = sourcecode.c.h; path = Facebook.h; sourceTree = "<group>"; };
		59FC6BF314ACD922007B11E1 /* Facebook.m */ = {isa = PBXFileReference; fileEncoding = 4; lastKnownFileType = sourcecode.c.objc; path = Facebook.m; sourceTree = "<group>"; };
		59FC6BF414ACD922007B11E1 /* facebook_ios_sdk_Prefix.pch */ = {isa = PBXFileReference; fileEncoding = 4; lastKnownFileType = sourcecode.c.h; path = facebook_ios_sdk_Prefix.pch; sourceTree = "<group>"; };
		59FC6BF514ACD922007B11E1 /* FBConnect.h */ = {isa = PBXFileReference; fileEncoding = 4; lastKnownFileType = sourcecode.c.h; path = FBConnect.h; sourceTree = "<group>"; };
		59FC6BF614ACD922007B11E1 /* FBDialog.bundle */ = {isa = PBXFileReference; lastKnownFileType = "wrapper.plug-in"; path = FBDialog.bundle; sourceTree = "<group>"; };
		59FC6BF714ACD922007B11E1 /* FBDialog.h */ = {isa = PBXFileReference; fileEncoding = 4; lastKnownFileType = sourcecode.c.h; path = FBDialog.h; sourceTree = "<group>"; };
		59FC6BF814ACD922007B11E1 /* FBDialog.m */ = {isa = PBXFileReference; fileEncoding = 4; lastKnownFileType = sourcecode.c.objc; path = FBDialog.m; sourceTree = "<group>"; };
		59FC6BF914ACD922007B11E1 /* FBLoginDialog.h */ = {isa = PBXFileReference; fileEncoding = 4; lastKnownFileType = sourcecode.c.h; path = FBLoginDialog.h; sourceTree = "<group>"; };
		59FC6BFA14ACD922007B11E1 /* FBLoginDialog.m */ = {isa = PBXFileReference; fileEncoding = 4; lastKnownFileType = sourcecode.c.objc; path = FBLoginDialog.m; sourceTree = "<group>"; };
		59FC6BFB14ACD922007B11E1 /* FBRequest.h */ = {isa = PBXFileReference; fileEncoding = 4; lastKnownFileType = sourcecode.c.h; path = FBRequest.h; sourceTree = "<group>"; };
		59FC6BFC14ACD922007B11E1 /* FBRequest.m */ = {isa = PBXFileReference; fileEncoding = 4; lastKnownFileType = sourcecode.c.objc; path = FBRequest.m; sourceTree = "<group>"; };
		59FC6BFE14ACD922007B11E1 /* JSON.h */ = {isa = PBXFileReference; fileEncoding = 4; lastKnownFileType = sourcecode.c.h; path = JSON.h; sourceTree = "<group>"; };
		59FC6BFF14ACD922007B11E1 /* NSObject+SBJSON.h */ = {isa = PBXFileReference; fileEncoding = 4; lastKnownFileType = sourcecode.c.h; path = "NSObject+SBJSON.h"; sourceTree = "<group>"; };
		59FC6C0014ACD922007B11E1 /* NSObject+SBJSON.m */ = {isa = PBXFileReference; fileEncoding = 4; lastKnownFileType = sourcecode.c.objc; path = "NSObject+SBJSON.m"; sourceTree = "<group>"; };
		59FC6C0114ACD922007B11E1 /* NSString+SBJSON.h */ = {isa = PBXFileReference; fileEncoding = 4; lastKnownFileType = sourcecode.c.h; path = "NSString+SBJSON.h"; sourceTree = "<group>"; };
		59FC6C0214ACD922007B11E1 /* NSString+SBJSON.m */ = {isa = PBXFileReference; fileEncoding = 4; lastKnownFileType = sourcecode.c.objc; path = "NSString+SBJSON.m"; sourceTree = "<group>"; };
		59FC6C0314ACD922007B11E1 /* SBJSON.h */ = {isa = PBXFileReference; fileEncoding = 4; lastKnownFileType = sourcecode.c.h; path = SBJSON.h; sourceTree = "<group>"; };
		59FC6C0414ACD922007B11E1 /* SBJSON.m */ = {isa = PBXFileReference; fileEncoding = 4; lastKnownFileType = sourcecode.c.objc; path = SBJSON.m; sourceTree = "<group>"; };
		59FC6C0514ACD922007B11E1 /* SBJsonBase.h */ = {isa = PBXFileReference; fileEncoding = 4; lastKnownFileType = sourcecode.c.h; path = SBJsonBase.h; sourceTree = "<group>"; };
		59FC6C0614ACD922007B11E1 /* SBJsonBase.m */ = {isa = PBXFileReference; fileEncoding = 4; lastKnownFileType = sourcecode.c.objc; path = SBJsonBase.m; sourceTree = "<group>"; };
		59FC6C0714ACD922007B11E1 /* SBJsonParser.h */ = {isa = PBXFileReference; fileEncoding = 4; lastKnownFileType = sourcecode.c.h; path = SBJsonParser.h; sourceTree = "<group>"; };
		59FC6C0814ACD922007B11E1 /* SBJsonParser.m */ = {isa = PBXFileReference; fileEncoding = 4; lastKnownFileType = sourcecode.c.objc; path = SBJsonParser.m; sourceTree = "<group>"; };
		59FC6C0914ACD922007B11E1 /* SBJsonWriter.h */ = {isa = PBXFileReference; fileEncoding = 4; lastKnownFileType = sourcecode.c.h; path = SBJsonWriter.h; sourceTree = "<group>"; };
		59FC6C0A14ACD922007B11E1 /* SBJsonWriter.m */ = {isa = PBXFileReference; fileEncoding = 4; lastKnownFileType = sourcecode.c.objc; path = SBJsonWriter.m; sourceTree = "<group>"; };
		59FC6C1814ACD999007B11E1 /* FBRequestWrapper.h */ = {isa = PBXFileReference; fileEncoding = 4; lastKnownFileType = sourcecode.c.h; path = FBRequestWrapper.h; sourceTree = "<group>"; };
		59FC6C1914ACD999007B11E1 /* FBRequestWrapper.m */ = {isa = PBXFileReference; fileEncoding = 4; lastKnownFileType = sourcecode.c.objc; path = FBRequestWrapper.m; sourceTree = "<group>"; };
/* End PBXFileReference section */

/* Begin PBXFrameworksBuildPhase section */
		59FC6BB514ACD8AF007B11E1 /* Frameworks */ = {
			isa = PBXFrameworksBuildPhase;
			buildActionMask = 2147483647;
			files = (
				597984F314ACF1710074B759 /* CoreData.framework in Frameworks */,
				59FC6BBD14ACD8AF007B11E1 /* UIKit.framework in Frameworks */,
				59FC6BBF14ACD8AF007B11E1 /* Foundation.framework in Frameworks */,
				59FC6BC114ACD8AF007B11E1 /* CoreGraphics.framework in Frameworks */,
			);
			runOnlyForDeploymentPostprocessing = 0;
		};
		59FC6BD514ACD8AF007B11E1 /* Frameworks */ = {
			isa = PBXFrameworksBuildPhase;
			buildActionMask = 2147483647;
			files = (
				59FC6BDB14ACD8AF007B11E1 /* SenTestingKit.framework in Frameworks */,
				59FC6BDC14ACD8AF007B11E1 /* UIKit.framework in Frameworks */,
				59FC6BDD14ACD8AF007B11E1 /* Foundation.framework in Frameworks */,
			);
			runOnlyForDeploymentPostprocessing = 0;
		};
/* End PBXFrameworksBuildPhase section */

/* Begin PBXGroup section */
		59FC6BAD14ACD8AE007B11E1 = {
			isa = PBXGroup;
			children = (
				59FC6BC214ACD8AF007B11E1 /* Cactus */,
				59FC6BE014ACD8AF007B11E1 /* CactusTests */,
				59FC6BBB14ACD8AF007B11E1 /* Frameworks */,
				59FC6BB914ACD8AF007B11E1 /* Products */,
			);
			sourceTree = "<group>";
		};
		59FC6BB914ACD8AF007B11E1 /* Products */ = {
			isa = PBXGroup;
			children = (
				59FC6BB814ACD8AF007B11E1 /* Cactus.app */,
				59FC6BD914ACD8AF007B11E1 /* CactusTests.octest */,
			);
			name = Products;
			sourceTree = "<group>";
		};
		59FC6BBB14ACD8AF007B11E1 /* Frameworks */ = {
			isa = PBXGroup;
			children = (
				597984F214ACF1710074B759 /* CoreData.framework */,
				59FC6BBC14ACD8AF007B11E1 /* UIKit.framework */,
				59FC6BBE14ACD8AF007B11E1 /* Foundation.framework */,
				59FC6BC014ACD8AF007B11E1 /* CoreGraphics.framework */,
				59FC6BDA14ACD8AF007B11E1 /* SenTestingKit.framework */,
			);
			name = Frameworks;
			sourceTree = "<group>";
		};
		59FC6BC214ACD8AF007B11E1 /* Cactus */ = {
			isa = PBXGroup;
			children = (
				59FC6BCB14ACD8AF007B11E1 /* AppDelegate.h */,
				59FC6BCC14ACD8AF007B11E1 /* AppDelegate.m */,
				59FC6BCE14ACD8AF007B11E1 /* FBListViewController.h */,
				59FC6BCF14ACD8AF007B11E1 /* FBListViewController.m */,
				59FC6BD114ACD8AF007B11E1 /* ViewController.xib */,
				594EBB3314AED81500903D17 /* DetailViewController.h */,
				594EBB3414AED81500903D17 /* DetailViewController.m */,
				594EBB3514AED81500903D17 /* DetailViewController.xib */,
				59FC6C1814ACD999007B11E1 /* FBRequestWrapper.h */,
				59FC6C1914ACD999007B11E1 /* FBRequestWrapper.m */,
				590EEFD614ACEFCB00E86B6A /* Model.xcdatamodeld */,
				597984F714ACFA4D0074B759 /* Friends.h */,
				597984F814ACFA4D0074B759 /* Friends.m */,
				59FC6BF114ACD922007B11E1 /* Frameworks */,
				59FC6BC314ACD8AF007B11E1 /* Supporting Files */,
			);
			path = Cactus;
			sourceTree = "<group>";
		};
		59FC6BC314ACD8AF007B11E1 /* Supporting Files */ = {
			isa = PBXGroup;
			children = (
				59FC6BC414ACD8AF007B11E1 /* Cactus-Info.plist */,
				59FC6BC514ACD8AF007B11E1 /* InfoPlist.strings */,
				59FC6BC814ACD8AF007B11E1 /* main.m */,
				59FC6BCA14ACD8AF007B11E1 /* Cactus-Prefix.pch */,
			);
			name = "Supporting Files";
			sourceTree = "<group>";
		};
		59FC6BE014ACD8AF007B11E1 /* CactusTests */ = {
			isa = PBXGroup;
			children = (
				59FC6BE614ACD8AF007B11E1 /* CactusTests.h */,
				59FC6BE714ACD8AF007B11E1 /* CactusTests.m */,
				59FC6BE114ACD8AF007B11E1 /* Supporting Files */,
			);
			path = CactusTests;
			sourceTree = "<group>";
		};
		59FC6BE114ACD8AF007B11E1 /* Supporting Files */ = {
			isa = PBXGroup;
			children = (
				59FC6BE214ACD8AF007B11E1 /* CactusTests-Info.plist */,
				59FC6BE314ACD8AF007B11E1 /* InfoPlist.strings */,
			);
			name = "Supporting Files";
			sourceTree = "<group>";
		};
		59FC6BF114ACD922007B11E1 /* Frameworks */ = {
			isa = PBXGroup;
			children = (
				59FC6C1714ACD93E007B11E1 /* Facebook SDK */,
				59FC6BFD14ACD922007B11E1 /* JSON */,
			);
			name = Frameworks;
			path = src;
			sourceTree = "<group>";
		};
		59FC6BFD14ACD922007B11E1 /* JSON */ = {
			isa = PBXGroup;
			children = (
				59FC6BFE14ACD922007B11E1 /* JSON.h */,
				59FC6BFF14ACD922007B11E1 /* NSObject+SBJSON.h */,
				59FC6C0014ACD922007B11E1 /* NSObject+SBJSON.m */,
				59FC6C0114ACD922007B11E1 /* NSString+SBJSON.h */,
				59FC6C0214ACD922007B11E1 /* NSString+SBJSON.m */,
				59FC6C0314ACD922007B11E1 /* SBJSON.h */,
				59FC6C0414ACD922007B11E1 /* SBJSON.m */,
				59FC6C0514ACD922007B11E1 /* SBJsonBase.h */,
				59FC6C0614ACD922007B11E1 /* SBJsonBase.m */,
				59FC6C0714ACD922007B11E1 /* SBJsonParser.h */,
				59FC6C0814ACD922007B11E1 /* SBJsonParser.m */,
				59FC6C0914ACD922007B11E1 /* SBJsonWriter.h */,
				59FC6C0A14ACD922007B11E1 /* SBJsonWriter.m */,
			);
			path = JSON;
			sourceTree = "<group>";
		};
		59FC6C1714ACD93E007B11E1 /* Facebook SDK */ = {
			isa = PBXGroup;
			children = (
				59FC6BF214ACD922007B11E1 /* Facebook.h */,
				59FC6BF314ACD922007B11E1 /* Facebook.m */,
				59FC6BF414ACD922007B11E1 /* facebook_ios_sdk_Prefix.pch */,
				59FC6BF514ACD922007B11E1 /* FBConnect.h */,
				59FC6BF614ACD922007B11E1 /* FBDialog.bundle */,
				59FC6BF714ACD922007B11E1 /* FBDialog.h */,
				59FC6BF814ACD922007B11E1 /* FBDialog.m */,
				59FC6BF914ACD922007B11E1 /* FBLoginDialog.h */,
				59FC6BFA14ACD922007B11E1 /* FBLoginDialog.m */,
				59FC6BFB14ACD922007B11E1 /* FBRequest.h */,
				59FC6BFC14ACD922007B11E1 /* FBRequest.m */,
			);
			name = "Facebook SDK";
			sourceTree = "<group>";
		};
/* End PBXGroup section */

/* Begin PBXNativeTarget section */
		59FC6BB714ACD8AF007B11E1 /* Cactus */ = {
			isa = PBXNativeTarget;
			buildConfigurationList = 59FC6BEB14ACD8AF007B11E1 /* Build configuration list for PBXNativeTarget "Cactus" */;
			buildPhases = (
				59FC6BB414ACD8AF007B11E1 /* Sources */,
				59FC6BB514ACD8AF007B11E1 /* Frameworks */,
				59FC6BB614ACD8AF007B11E1 /* Resources */,
			);
			buildRules = (
			);
			dependencies = (
			);
			name = Cactus;
			productName = Cactus;
			productReference = 59FC6BB814ACD8AF007B11E1 /* Cactus.app */;
			productType = "com.apple.product-type.application";
		};
		59FC6BD814ACD8AF007B11E1 /* CactusTests */ = {
			isa = PBXNativeTarget;
			buildConfigurationList = 59FC6BEE14ACD8AF007B11E1 /* Build configuration list for PBXNativeTarget "CactusTests" */;
			buildPhases = (
				59FC6BD414ACD8AF007B11E1 /* Sources */,
				59FC6BD514ACD8AF007B11E1 /* Frameworks */,
				59FC6BD614ACD8AF007B11E1 /* Resources */,
				59FC6BD714ACD8AF007B11E1 /* ShellScript */,
			);
			buildRules = (
			);
			dependencies = (
				59FC6BDF14ACD8AF007B11E1 /* PBXTargetDependency */,
			);
			name = CactusTests;
			productName = CactusTests;
			productReference = 59FC6BD914ACD8AF007B11E1 /* CactusTests.octest */;
			productType = "com.apple.product-type.bundle";
		};
/* End PBXNativeTarget section */

/* Begin PBXProject section */
		59FC6BAF14ACD8AE007B11E1 /* Project object */ = {
			isa = PBXProject;
			attributes = {
				LastUpgradeCheck = 0420;
			};
			buildConfigurationList = 59FC6BB214ACD8AE007B11E1 /* Build configuration list for PBXProject "Cactus" */;
			compatibilityVersion = "Xcode 3.2";
			developmentRegion = English;
			hasScannedForEncodings = 0;
			knownRegions = (
				en,
			);
			mainGroup = 59FC6BAD14ACD8AE007B11E1;
			productRefGroup = 59FC6BB914ACD8AF007B11E1 /* Products */;
			projectDirPath = "";
			projectRoot = "";
			targets = (
				59FC6BB714ACD8AF007B11E1 /* Cactus */,
				59FC6BD814ACD8AF007B11E1 /* CactusTests */,
			);
		};
/* End PBXProject section */

/* Begin PBXResourcesBuildPhase section */
		59FC6BB614ACD8AF007B11E1 /* Resources */ = {
			isa = PBXResourcesBuildPhase;
			buildActionMask = 2147483647;
			files = (
				59FC6BC714ACD8AF007B11E1 /* InfoPlist.strings in Resources */,
				59FC6BD314ACD8AF007B11E1 /* ViewController.xib in Resources */,
				59FC6C0C14ACD922007B11E1 /* FBDialog.bundle in Resources */,
				594EBB3714AED81500903D17 /* DetailViewController.xib in Resources */,
			);
			runOnlyForDeploymentPostprocessing = 0;
		};
		59FC6BD614ACD8AF007B11E1 /* Resources */ = {
			isa = PBXResourcesBuildPhase;
			buildActionMask = 2147483647;
			files = (
				59FC6BE514ACD8AF007B11E1 /* InfoPlist.strings in Resources */,
			);
			runOnlyForDeploymentPostprocessing = 0;
		};
/* End PBXResourcesBuildPhase section */

/* Begin PBXShellScriptBuildPhase section */
		59FC6BD714ACD8AF007B11E1 /* ShellScript */ = {
			isa = PBXShellScriptBuildPhase;
			buildActionMask = 2147483647;
			files = (
			);
			inputPaths = (
			);
			outputPaths = (
			);
			runOnlyForDeploymentPostprocessing = 0;
			shellPath = /bin/sh;
			shellScript = "# Run the unit tests in this test bundle.\n\"${SYSTEM_DEVELOPER_DIR}/Tools/RunUnitTests\"\n";
		};
/* End PBXShellScriptBuildPhase section */

/* Begin PBXSourcesBuildPhase section */
		59FC6BB414ACD8AF007B11E1 /* Sources */ = {
			isa = PBXSourcesBuildPhase;
			buildActionMask = 2147483647;
			files = (
				59FC6BC914ACD8AF007B11E1 /* main.m in Sources */,
				59FC6BCD14ACD8AF007B11E1 /* AppDelegate.m in Sources */,
				59FC6BD014ACD8AF007B11E1 /* FBListViewController.m in Sources */,
				59FC6C0B14ACD922007B11E1 /* Facebook.m in Sources */,
				59FC6C0D14ACD922007B11E1 /* FBDialog.m in Sources */,
				59FC6C0E14ACD922007B11E1 /* FBLoginDialog.m in Sources */,
				59FC6C0F14ACD922007B11E1 /* FBRequest.m in Sources */,
				59FC6C1014ACD922007B11E1 /* NSObject+SBJSON.m in Sources */,
				59FC6C1114ACD922007B11E1 /* NSString+SBJSON.m in Sources */,
				59FC6C1214ACD922007B11E1 /* SBJSON.m in Sources */,
				59FC6C1314ACD922007B11E1 /* SBJsonBase.m in Sources */,
				59FC6C1414ACD922007B11E1 /* SBJsonParser.m in Sources */,
				59FC6C1514ACD922007B11E1 /* SBJsonWriter.m in Sources */,
				59FC6C1A14ACD99A007B11E1 /* FBRequestWrapper.m in Sources */,
				590EEFD814ACEFCB00E86B6A /* Model.xcdatamodeld in Sources */,
				597984F914ACFA4D0074B759 /* Friends.m in Sources */,
				594EBB3614AED81500903D17 /* DetailViewController.m in Sources */,
			);
			runOnlyForDeploymentPostprocessing = 0;
		};
		59FC6BD414ACD8AF007B11E1 /* Sources */ = {
			isa = PBXSourcesBuildPhase;
			buildActionMask = 2147483647;
			files = (
				59FC6BE814ACD8AF007B11E1 /* CactusTests.m in Sources */,
			);
			runOnlyForDeploymentPostprocessing = 0;
		};
/* End PBXSourcesBuildPhase section */

/* Begin PBXTargetDependency section */
		59FC6BDF14ACD8AF007B11E1 /* PBXTargetDependency */ = {
			isa = PBXTargetDependency;
			target = 59FC6BB714ACD8AF007B11E1 /* Cactus */;
			targetProxy = 59FC6BDE14ACD8AF007B11E1 /* PBXContainerItemProxy */;
		};
/* End PBXTargetDependency section */

/* Begin PBXVariantGroup section */
		59FC6BC514ACD8AF007B11E1 /* InfoPlist.strings */ = {
			isa = PBXVariantGroup;
			children = (
				59FC6BC614ACD8AF007B11E1 /* en */,
			);
			name = InfoPlist.strings;
			sourceTree = "<group>";
		};
		59FC6BD114ACD8AF007B11E1 /* ViewController.xib */ = {
			isa = PBXVariantGroup;
			children = (
				59FC6BD214ACD8AF007B11E1 /* en */,
			);
			name = ViewController.xib;
			sourceTree = "<group>";
		};
		59FC6BE314ACD8AF007B11E1 /* InfoPlist.strings */ = {
			isa = PBXVariantGroup;
			children = (
				59FC6BE414ACD8AF007B11E1 /* en */,
			);
			name = InfoPlist.strings;
			sourceTree = "<group>";
		};
/* End PBXVariantGroup section */

/* Begin XCBuildConfiguration section */
		59FC6BE914ACD8AF007B11E1 /* Debug */ = {
			isa = XCBuildConfiguration;
			buildSettings = {
				ALWAYS_SEARCH_USER_PATHS = NO;
				ARCHS = "$(ARCHS_STANDARD_32_BIT)";
				"CODE_SIGN_IDENTITY[sdk=iphoneos*]" = "iPhone Developer";
				COPY_PHASE_STRIP = NO;
				GCC_C_LANGUAGE_STANDARD = gnu99;
				GCC_DYNAMIC_NO_PIC = NO;
				GCC_OPTIMIZATION_LEVEL = 0;
				GCC_PREPROCESSOR_DEFINITIONS = (
					"DEBUG=1",
					"$(inherited)",
				);
				GCC_SYMBOLS_PRIVATE_EXTERN = NO;
				GCC_VERSION = com.apple.compilers.llvm.clang.1_0;
				GCC_WARN_ABOUT_MISSING_PROTOTYPES = YES;
				GCC_WARN_ABOUT_RETURN_TYPE = YES;
				GCC_WARN_UNUSED_VARIABLE = YES;
				IPHONEOS_DEPLOYMENT_TARGET = 5.0;
				SDKROOT = iphoneos;
			};
			name = Debug;
		};
		59FC6BEA14ACD8AF007B11E1 /* Release */ = {
			isa = XCBuildConfiguration;
			buildSettings = {
				ALWAYS_SEARCH_USER_PATHS = NO;
				ARCHS = "$(ARCHS_STANDARD_32_BIT)";
				"CODE_SIGN_IDENTITY[sdk=iphoneos*]" = "iPhone Developer";
				COPY_PHASE_STRIP = YES;
				GCC_C_LANGUAGE_STANDARD = gnu99;
				GCC_VERSION = com.apple.compilers.llvm.clang.1_0;
				GCC_WARN_ABOUT_MISSING_PROTOTYPES = YES;
				GCC_WARN_ABOUT_RETURN_TYPE = YES;
				GCC_WARN_UNUSED_VARIABLE = YES;
				IPHONEOS_DEPLOYMENT_TARGET = 5.0;
				OTHER_CFLAGS = "-DNS_BLOCK_ASSERTIONS=1";
				SDKROOT = iphoneos;
				VALIDATE_PRODUCT = YES;
			};
			name = Release;
		};
		59FC6BEC14ACD8AF007B11E1 /* Debug */ = {
			isa = XCBuildConfiguration;
			buildSettings = {
				GCC_PRECOMPILE_PREFIX_HEADER = YES;
				GCC_PREFIX_HEADER = "Cactus/Cactus-Prefix.pch";
				INFOPLIST_FILE = "Cactus/Cactus-Info.plist";
				PRODUCT_NAME = "$(TARGET_NAME)";
				WRAPPER_EXTENSION = app;
			};
			name = Debug;
		};
		59FC6BED14ACD8AF007B11E1 /* Release */ = {
			isa = XCBuildConfiguration;
			buildSettings = {
				GCC_PRECOMPILE_PREFIX_HEADER = YES;
				GCC_PREFIX_HEADER = "Cactus/Cactus-Prefix.pch";
				INFOPLIST_FILE = "Cactus/Cactus-Info.plist";
				PRODUCT_NAME = "$(TARGET_NAME)";
				WRAPPER_EXTENSION = app;
			};
			name = Release;
		};
		59FC6BEF14ACD8AF007B11E1 /* Debug */ = {
			isa = XCBuildConfiguration;
			buildSettings = {
				BUNDLE_LOADER = "$(BUILT_PRODUCTS_DIR)/Cactus.app/Cactus";
				FRAMEWORK_SEARCH_PATHS = (
					"$(SDKROOT)/Developer/Library/Frameworks",
					"$(DEVELOPER_LIBRARY_DIR)/Frameworks",
				);
				GCC_PRECOMPILE_PREFIX_HEADER = YES;
				GCC_PREFIX_HEADER = "Cactus/Cactus-Prefix.pch";
				INFOPLIST_FILE = "CactusTests/CactusTests-Info.plist";
				PRODUCT_NAME = "$(TARGET_NAME)";
				TEST_HOST = "$(BUNDLE_LOADER)";
				WRAPPER_EXTENSION = octest;
			};
			name = Debug;
		};
		59FC6BF014ACD8AF007B11E1 /* Release */ = {
			isa = XCBuildConfiguration;
			buildSettings = {
				BUNDLE_LOADER = "$(BUILT_PRODUCTS_DIR)/Cactus.app/Cactus";
				FRAMEWORK_SEARCH_PATHS = (
					"$(SDKROOT)/Developer/Library/Frameworks",
					"$(DEVELOPER_LIBRARY_DIR)/Frameworks",
				);
				GCC_PRECOMPILE_PREFIX_HEADER = YES;
				GCC_PREFIX_HEADER = "Cactus/Cactus-Prefix.pch";
				INFOPLIST_FILE = "CactusTests/CactusTests-Info.plist";
				PRODUCT_NAME = "$(TARGET_NAME)";
				TEST_HOST = "$(BUNDLE_LOADER)";
				WRAPPER_EXTENSION = octest;
			};
			name = Release;
		};
/* End XCBuildConfiguration section */

/* Begin XCConfigurationList section */
		59FC6BB214ACD8AE007B11E1 /* Build configuration list for PBXProject "Cactus" */ = {
			isa = XCConfigurationList;
			buildConfigurations = (
				59FC6BE914ACD8AF007B11E1 /* Debug */,
				59FC6BEA14ACD8AF007B11E1 /* Release */,
			);
			defaultConfigurationIsVisible = 0;
			defaultConfigurationName = Release;
		};
		59FC6BEB14ACD8AF007B11E1 /* Build configuration list for PBXNativeTarget "Cactus" */ = {
			isa = XCConfigurationList;
			buildConfigurations = (
				59FC6BEC14ACD8AF007B11E1 /* Debug */,
				59FC6BED14ACD8AF007B11E1 /* Release */,
			);
			defaultConfigurationIsVisible = 0;
			defaultConfigurationName = Release;
		};
		59FC6BEE14ACD8AF007B11E1 /* Build configuration list for PBXNativeTarget "CactusTests" */ = {
			isa = XCConfigurationList;
			buildConfigurations = (
				59FC6BEF14ACD8AF007B11E1 /* Debug */,
				59FC6BF014ACD8AF007B11E1 /* Release */,
			);
			defaultConfigurationIsVisible = 0;
			defaultConfigurationName = Release;
		};
/* End XCConfigurationList section */

/* Begin XCVersionGroup section */
		590EEFD614ACEFCB00E86B6A /* Model.xcdatamodeld */ = {
			isa = XCVersionGroup;
			children = (
				590EEFD714ACEFCB00E86B6A /* Model.xcdatamodel */,
			);
			currentVersion = 590EEFD714ACEFCB00E86B6A /* Model.xcdatamodel */;
			path = Model.xcdatamodeld;
			sourceTree = "<group>";
			versionGroupType = wrapper.xcdatamodel;
		};
/* End XCVersionGroup section */
	};
	rootObject = 59FC6BAF14ACD8AE007B11E1 /* Project object */;
}
